// !$*UTF8*$!
{
	archiveVersion = 1;
	classes = {
	};
	objectVersion = 55;
	objects = {

/* Begin PBXBuildFile section */
		348BECE673181DB595AC0E57 /* Pods_LuckyTripTests.framework in Frameworks */ = {isa = PBXBuildFile; fileRef = 6824D69A55A64E461528BB50 /* Pods_LuckyTripTests.framework */; };
		749FA1EE27AA9BF858572AEE /* Pods_LuckyTrip_LuckyTripUITests.framework in Frameworks */ = {isa = PBXBuildFile; fileRef = F9C92189187AD7F976C18CCA /* Pods_LuckyTrip_LuckyTripUITests.framework */; };
		AB7EA5EF28AEE9B70055119F /* DestinationCell.swift in Sources */ = {isa = PBXBuildFile; fileRef = AB7EA5ED28AEE9B70055119F /* DestinationCell.swift */; };
		AB7EA5F028AEE9B70055119F /* DestinationCell.xib in Resources */ = {isa = PBXBuildFile; fileRef = AB7EA5EE28AEE9B70055119F /* DestinationCell.xib */; };
		AB7EA5F528AEE9E90055119F /* TabbarViewController.swift in Sources */ = {isa = PBXBuildFile; fileRef = AB7EA5F228AEE9E90055119F /* TabbarViewController.swift */; };
		AB7EA5F628AEE9E90055119F /* DestinationsForMeViewController.swift in Sources */ = {isa = PBXBuildFile; fileRef = AB7EA5F328AEE9E90055119F /* DestinationsForMeViewController.swift */; };
		AB7EA5F728AEE9E90055119F /* DestinationsHomeViewController.swift in Sources */ = {isa = PBXBuildFile; fileRef = AB7EA5F428AEE9E90055119F /* DestinationsHomeViewController.swift */; };
		AB7EA5FA28AEEA130055119F /* DestinationDetailsViewController.swift in Sources */ = {isa = PBXBuildFile; fileRef = AB7EA5F928AEEA130055119F /* DestinationDetailsViewController.swift */; };
		AB7EA5FD28AEEA220055119F /* ViewController.swift in Sources */ = {isa = PBXBuildFile; fileRef = AB7EA5FB28AEEA220055119F /* ViewController.swift */; };
		AB7EA5FE28AEEA220055119F /* BaseViewController.swift in Sources */ = {isa = PBXBuildFile; fileRef = AB7EA5FC28AEEA220055119F /* BaseViewController.swift */; };
		AB7EA60328AEEA390055119F /* DestinationsDataSource.swift in Sources */ = {isa = PBXBuildFile; fileRef = AB7EA60028AEEA390055119F /* DestinationsDataSource.swift */; };
		AB7EA60428AEEA390055119F /* GenericDataSource.swift in Sources */ = {isa = PBXBuildFile; fileRef = AB7EA60128AEEA390055119F /* GenericDataSource.swift */; };
		AB7EA60528AEEA390055119F /* SavedDestinationsDataSource.swift in Sources */ = {isa = PBXBuildFile; fileRef = AB7EA60228AEEA390055119F /* SavedDestinationsDataSource.swift */; };
		AB7EA60A28AEEA540055119F /* NetworkManager.swift in Sources */ = {isa = PBXBuildFile; fileRef = AB7EA60728AEEA540055119F /* NetworkManager.swift */; };
		AB7EA60B28AEEA540055119F /* Apis.swift in Sources */ = {isa = PBXBuildFile; fileRef = AB7EA60828AEEA540055119F /* Apis.swift */; };
		AB7EA60C28AEEA540055119F /* Reachability.swift in Sources */ = {isa = PBXBuildFile; fileRef = AB7EA60928AEEA540055119F /* Reachability.swift */; };
		AB7EA61228AEEA680055119F /* Constants.swift in Sources */ = {isa = PBXBuildFile; fileRef = AB7EA60E28AEEA680055119F /* Constants.swift */; };
		AB7EA61328AEEA680055119F /* ResultType.swift in Sources */ = {isa = PBXBuildFile; fileRef = AB7EA60F28AEEA680055119F /* ResultType.swift */; };
		AB7EA61428AEEA680055119F /* ListModeType.swift in Sources */ = {isa = PBXBuildFile; fileRef = AB7EA61028AEEA680055119F /* ListModeType.swift */; };
		AB7EA61528AEEA680055119F /* SearchType.swift in Sources */ = {isa = PBXBuildFile; fileRef = AB7EA61128AEEA680055119F /* SearchType.swift */; };
		AB7EA61A28AEEA870055119F /* ErrorModel.swift in Sources */ = {isa = PBXBuildFile; fileRef = AB7EA61728AEEA870055119F /* ErrorModel.swift */; };
		AB7EA61B28AEEA870055119F /* DestinationListModel.swift in Sources */ = {isa = PBXBuildFile; fileRef = AB7EA61828AEEA870055119F /* DestinationListModel.swift */; };
		AB7EA61C28AEEA870055119F /* DestinationModel.swift in Sources */ = {isa = PBXBuildFile; fileRef = AB7EA61928AEEA870055119F /* DestinationModel.swift */; };
		AB7EA62028AEEA9A0055119F /* SavedDestinationViewModel.swift in Sources */ = {isa = PBXBuildFile; fileRef = AB7EA61E28AEEA9A0055119F /* SavedDestinationViewModel.swift */; };
		AB7EA62128AEEA9A0055119F /* DestinationViewModel.swift in Sources */ = {isa = PBXBuildFile; fileRef = AB7EA61F28AEEA9A0055119F /* DestinationViewModel.swift */; };
		AB7EA62528AEEAB10055119F /* Utilities.swift in Sources */ = {isa = PBXBuildFile; fileRef = AB7EA62328AEEAB10055119F /* Utilities.swift */; };
		AB7EA62628AEEAB10055119F /* DynamicType.swift in Sources */ = {isa = PBXBuildFile; fileRef = AB7EA62428AEEAB10055119F /* DynamicType.swift */; };
		AB7EA62928AEEADB0055119F /* UIImageViewEX.swift in Sources */ = {isa = PBXBuildFile; fileRef = AB7EA62828AEEADB0055119F /* UIImageViewEX.swift */; };
		AB7EA62B28AEEB1D0055119F /* CoreDataModel.swift in Sources */ = {isa = PBXBuildFile; fileRef = AB7EA62A28AEEB1D0055119F /* CoreDataModel.swift */; };
		AB7EA62F28AEEB3B0055119F /* LuckyTrip.xcdatamodeld in Sources */ = {isa = PBXBuildFile; fileRef = AB7EA62D28AEEB3B0055119F /* LuckyTrip.xcdatamodeld */; };
		AB7EA63128AEEB400055119F /* Localizable.strings in Resources */ = {isa = PBXBuildFile; fileRef = AB7EA63028AEEB400055119F /* Localizable.strings */; };
		ABC7067F28A8F079003C2961 /* AppDelegate.swift in Sources */ = {isa = PBXBuildFile; fileRef = ABC7067E28A8F079003C2961 /* AppDelegate.swift */; };
		ABC7068128A8F079003C2961 /* SceneDelegate.swift in Sources */ = {isa = PBXBuildFile; fileRef = ABC7068028A8F079003C2961 /* SceneDelegate.swift */; };
		ABC7068628A8F079003C2961 /* Main.storyboard in Resources */ = {isa = PBXBuildFile; fileRef = ABC7068428A8F079003C2961 /* Main.storyboard */; };
		ABC7068B28A8F07A003C2961 /* Assets.xcassets in Resources */ = {isa = PBXBuildFile; fileRef = ABC7068A28A8F07A003C2961 /* Assets.xcassets */; };
		ABC7068E28A8F07A003C2961 /* LaunchScreen.storyboard in Resources */ = {isa = PBXBuildFile; fileRef = ABC7068C28A8F07A003C2961 /* LaunchScreen.storyboard */; };
		ABC7069928A8F07A003C2961 /* LuckyTripTests.swift in Sources */ = {isa = PBXBuildFile; fileRef = ABC7069828A8F07A003C2961 /* LuckyTripTests.swift */; };
		ABC706A328A8F07B003C2961 /* LuckyTripUITests.swift in Sources */ = {isa = PBXBuildFile; fileRef = ABC706A228A8F07B003C2961 /* LuckyTripUITests.swift */; };
		ABC706A528A8F07B003C2961 /* LuckyTripUITestsLaunchTests.swift in Sources */ = {isa = PBXBuildFile; fileRef = ABC706A428A8F07B003C2961 /* LuckyTripUITestsLaunchTests.swift */; };
		E78C4DA838E367E234778DC6 /* Pods_LuckyTrip.framework in Frameworks */ = {isa = PBXBuildFile; fileRef = 6BA879F04E335F7661A904B3 /* Pods_LuckyTrip.framework */; };
/* End PBXBuildFile section */

/* Begin PBXContainerItemProxy section */
		ABC7069528A8F07A003C2961 /* PBXContainerItemProxy */ = {
			isa = PBXContainerItemProxy;
			containerPortal = ABC7067328A8F079003C2961 /* Project object */;
			proxyType = 1;
			remoteGlobalIDString = ABC7067A28A8F079003C2961;
			remoteInfo = LuckyTrip;
		};
		ABC7069F28A8F07B003C2961 /* PBXContainerItemProxy */ = {
			isa = PBXContainerItemProxy;
			containerPortal = ABC7067328A8F079003C2961 /* Project object */;
			proxyType = 1;
			remoteGlobalIDString = ABC7067A28A8F079003C2961;
			remoteInfo = LuckyTrip;
		};
/* End PBXContainerItemProxy section */

/* Begin PBXFileReference section */
		30670AFA591A0D3AAD0B217E /* Pods-LuckyTrip.debug.xcconfig */ = {isa = PBXFileReference; includeInIndex = 1; lastKnownFileType = text.xcconfig; name = "Pods-LuckyTrip.debug.xcconfig"; path = "Target Support Files/Pods-LuckyTrip/Pods-LuckyTrip.debug.xcconfig"; sourceTree = "<group>"; };
		332E87DD740DB9A1582C78DC /* Pods-LuckyTripTests.debug.xcconfig */ = {isa = PBXFileReference; includeInIndex = 1; lastKnownFileType = text.xcconfig; name = "Pods-LuckyTripTests.debug.xcconfig"; path = "Target Support Files/Pods-LuckyTripTests/Pods-LuckyTripTests.debug.xcconfig"; sourceTree = "<group>"; };
		559A55449683DC6A6BD7AC98 /* Pods-LuckyTrip-LuckyTripUITests.release.xcconfig */ = {isa = PBXFileReference; includeInIndex = 1; lastKnownFileType = text.xcconfig; name = "Pods-LuckyTrip-LuckyTripUITests.release.xcconfig"; path = "Target Support Files/Pods-LuckyTrip-LuckyTripUITests/Pods-LuckyTrip-LuckyTripUITests.release.xcconfig"; sourceTree = "<group>"; };
		6662F37D8577D25BEB13C47C /* Pods-LuckyTripTests.release.xcconfig */ = {isa = PBXFileReference; includeInIndex = 1; lastKnownFileType = text.xcconfig; name = "Pods-LuckyTripTests.release.xcconfig"; path = "Target Support Files/Pods-LuckyTripTests/Pods-LuckyTripTests.release.xcconfig"; sourceTree = "<group>"; };
		6824D69A55A64E461528BB50 /* Pods_LuckyTripTests.framework */ = {isa = PBXFileReference; explicitFileType = wrapper.framework; includeInIndex = 0; path = Pods_LuckyTripTests.framework; sourceTree = BUILT_PRODUCTS_DIR; };
		6BA879F04E335F7661A904B3 /* Pods_LuckyTrip.framework */ = {isa = PBXFileReference; explicitFileType = wrapper.framework; includeInIndex = 0; path = Pods_LuckyTrip.framework; sourceTree = BUILT_PRODUCTS_DIR; };
		89B8A8FE2932DACC4041D4C1 /* Pods-LuckyTrip-LuckyTripUITests.debug.xcconfig */ = {isa = PBXFileReference; includeInIndex = 1; lastKnownFileType = text.xcconfig; name = "Pods-LuckyTrip-LuckyTripUITests.debug.xcconfig"; path = "Target Support Files/Pods-LuckyTrip-LuckyTripUITests/Pods-LuckyTrip-LuckyTripUITests.debug.xcconfig"; sourceTree = "<group>"; };
		8D2BB81B370C1F2EAA7663A2 /* Pods-LuckyTrip.release.xcconfig */ = {isa = PBXFileReference; includeInIndex = 1; lastKnownFileType = text.xcconfig; name = "Pods-LuckyTrip.release.xcconfig"; path = "Target Support Files/Pods-LuckyTrip/Pods-LuckyTrip.release.xcconfig"; sourceTree = "<group>"; };
		AB7EA5ED28AEE9B70055119F /* DestinationCell.swift */ = {isa = PBXFileReference; fileEncoding = 4; lastKnownFileType = sourcecode.swift; name = DestinationCell.swift; path = Views/Cells/DestinationCell/DestinationCell.swift; sourceTree = "<group>"; };
		AB7EA5EE28AEE9B70055119F /* DestinationCell.xib */ = {isa = PBXFileReference; fileEncoding = 4; lastKnownFileType = file.xib; name = DestinationCell.xib; path = Views/Cells/DestinationCell/DestinationCell.xib; sourceTree = "<group>"; };
		AB7EA5F228AEE9E90055119F /* TabbarViewController.swift */ = {isa = PBXFileReference; fileEncoding = 4; lastKnownFileType = sourcecode.swift; name = TabbarViewController.swift; path = Views/ViewControllers/TabbarViewController.swift; sourceTree = "<group>"; };
		AB7EA5F328AEE9E90055119F /* DestinationsForMeViewController.swift */ = {isa = PBXFileReference; fileEncoding = 4; lastKnownFileType = sourcecode.swift; name = DestinationsForMeViewController.swift; path = Views/ViewControllers/DestinationsForMeViewController.swift; sourceTree = "<group>"; };
		AB7EA5F428AEE9E90055119F /* DestinationsHomeViewController.swift */ = {isa = PBXFileReference; fileEncoding = 4; lastKnownFileType = sourcecode.swift; name = DestinationsHomeViewController.swift; path = Views/ViewControllers/DestinationsHomeViewController.swift; sourceTree = "<group>"; };
		AB7EA5F928AEEA130055119F /* DestinationDetailsViewController.swift */ = {isa = PBXFileReference; fileEncoding = 4; lastKnownFileType = sourcecode.swift; name = DestinationDetailsViewController.swift; path = Views/ViewControllers/DestinationDetailsViewController.swift; sourceTree = "<group>"; };
		AB7EA5FB28AEEA220055119F /* ViewController.swift */ = {isa = PBXFileReference; fileEncoding = 4; lastKnownFileType = sourcecode.swift; name = ViewController.swift; path = Views/ViewControllers/ViewController.swift; sourceTree = "<group>"; };
		AB7EA5FC28AEEA220055119F /* BaseViewController.swift */ = {isa = PBXFileReference; fileEncoding = 4; lastKnownFileType = sourcecode.swift; name = BaseViewController.swift; path = Views/ViewControllers/BaseViewController.swift; sourceTree = "<group>"; };
		AB7EA60028AEEA390055119F /* DestinationsDataSource.swift */ = {isa = PBXFileReference; fileEncoding = 4; lastKnownFileType = sourcecode.swift; name = DestinationsDataSource.swift; path = DataSource/DestinationsDataSource.swift; sourceTree = "<group>"; };
		AB7EA60128AEEA390055119F /* GenericDataSource.swift */ = {isa = PBXFileReference; fileEncoding = 4; lastKnownFileType = sourcecode.swift; name = GenericDataSource.swift; path = DataSource/GenericDataSource.swift; sourceTree = "<group>"; };
		AB7EA60228AEEA390055119F /* SavedDestinationsDataSource.swift */ = {isa = PBXFileReference; fileEncoding = 4; lastKnownFileType = sourcecode.swift; name = SavedDestinationsDataSource.swift; path = DataSource/SavedDestinationsDataSource.swift; sourceTree = "<group>"; };
		AB7EA60728AEEA540055119F /* NetworkManager.swift */ = {isa = PBXFileReference; fileEncoding = 4; lastKnownFileType = sourcecode.swift; name = NetworkManager.swift; path = Networking/NetworkManager.swift; sourceTree = "<group>"; };
		AB7EA60828AEEA540055119F /* Apis.swift */ = {isa = PBXFileReference; fileEncoding = 4; lastKnownFileType = sourcecode.swift; name = Apis.swift; path = Networking/Apis.swift; sourceTree = "<group>"; };
		AB7EA60928AEEA540055119F /* Reachability.swift */ = {isa = PBXFileReference; fileEncoding = 4; lastKnownFileType = sourcecode.swift; name = Reachability.swift; path = Networking/Reachability.swift; sourceTree = "<group>"; };
		AB7EA60E28AEEA680055119F /* Constants.swift */ = {isa = PBXFileReference; fileEncoding = 4; lastKnownFileType = sourcecode.swift; name = Constants.swift; path = Constants/Constants.swift; sourceTree = "<group>"; };
		AB7EA60F28AEEA680055119F /* ResultType.swift */ = {isa = PBXFileReference; fileEncoding = 4; lastKnownFileType = sourcecode.swift; name = ResultType.swift; path = Constants/ResultType.swift; sourceTree = "<group>"; };
		AB7EA61028AEEA680055119F /* ListModeType.swift */ = {isa = PBXFileReference; fileEncoding = 4; lastKnownFileType = sourcecode.swift; name = ListModeType.swift; path = Constants/ListModeType.swift; sourceTree = "<group>"; };
		AB7EA61128AEEA680055119F /* SearchType.swift */ = {isa = PBXFileReference; fileEncoding = 4; lastKnownFileType = sourcecode.swift; name = SearchType.swift; path = Constants/SearchType.swift; sourceTree = "<group>"; };
		AB7EA61728AEEA870055119F /* ErrorModel.swift */ = {isa = PBXFileReference; fileEncoding = 4; lastKnownFileType = sourcecode.swift; name = ErrorModel.swift; path = Models/ErrorModel.swift; sourceTree = "<group>"; };
		AB7EA61828AEEA870055119F /* DestinationListModel.swift */ = {isa = PBXFileReference; fileEncoding = 4; lastKnownFileType = sourcecode.swift; name = DestinationListModel.swift; path = Models/DestinationListModel.swift; sourceTree = "<group>"; };
		AB7EA61928AEEA870055119F /* DestinationModel.swift */ = {isa = PBXFileReference; fileEncoding = 4; lastKnownFileType = sourcecode.swift; name = DestinationModel.swift; path = Models/DestinationModel.swift; sourceTree = "<group>"; };
		AB7EA61E28AEEA9A0055119F /* SavedDestinationViewModel.swift */ = {isa = PBXFileReference; fileEncoding = 4; lastKnownFileType = sourcecode.swift; name = SavedDestinationViewModel.swift; path = ViewModels/SavedDestinationViewModel.swift; sourceTree = "<group>"; };
		AB7EA61F28AEEA9A0055119F /* DestinationViewModel.swift */ = {isa = PBXFileReference; fileEncoding = 4; lastKnownFileType = sourcecode.swift; name = DestinationViewModel.swift; path = ViewModels/DestinationViewModel.swift; sourceTree = "<group>"; };
		AB7EA62328AEEAB10055119F /* Utilities.swift */ = {isa = PBXFileReference; fileEncoding = 4; lastKnownFileType = sourcecode.swift; name = Utilities.swift; path = Utilities/Utilities.swift; sourceTree = "<group>"; };
		AB7EA62428AEEAB10055119F /* DynamicType.swift */ = {isa = PBXFileReference; fileEncoding = 4; lastKnownFileType = sourcecode.swift; name = DynamicType.swift; path = Utilities/DynamicType.swift; sourceTree = "<group>"; };
		AB7EA62828AEEADB0055119F /* UIImageViewEX.swift */ = {isa = PBXFileReference; fileEncoding = 4; lastKnownFileType = sourcecode.swift; name = UIImageViewEX.swift; path = Extensions/UIImageViewEX.swift; sourceTree = "<group>"; };
		AB7EA62A28AEEB1D0055119F /* CoreDataModel.swift */ = {isa = PBXFileReference; fileEncoding = 4; lastKnownFileType = sourcecode.swift; name = CoreDataModel.swift; path = CoreDatabase/CoreDataModel.swift; sourceTree = "<group>"; };
		AB7EA62E28AEEB3B0055119F /* LuckyTrip.xcdatamodel */ = {isa = PBXFileReference; lastKnownFileType = wrapper.xcdatamodel; path = LuckyTrip.xcdatamodel; sourceTree = "<group>"; };
		AB7EA63028AEEB400055119F /* Localizable.strings */ = {isa = PBXFileReference; fileEncoding = 4; lastKnownFileType = text.plist.strings; path = Localizable.strings; sourceTree = "<group>"; };
		ABC7067B28A8F079003C2961 /* LuckyTrip.app */ = {isa = PBXFileReference; explicitFileType = wrapper.application; includeInIndex = 0; path = LuckyTrip.app; sourceTree = BUILT_PRODUCTS_DIR; };
		ABC7067E28A8F079003C2961 /* AppDelegate.swift */ = {isa = PBXFileReference; lastKnownFileType = sourcecode.swift; path = AppDelegate.swift; sourceTree = "<group>"; };
		ABC7068028A8F079003C2961 /* SceneDelegate.swift */ = {isa = PBXFileReference; lastKnownFileType = sourcecode.swift; path = SceneDelegate.swift; sourceTree = "<group>"; };
		ABC7068528A8F079003C2961 /* Base */ = {isa = PBXFileReference; lastKnownFileType = file.storyboard; name = Base; path = Base.lproj/Main.storyboard; sourceTree = "<group>"; };
		ABC7068A28A8F07A003C2961 /* Assets.xcassets */ = {isa = PBXFileReference; lastKnownFileType = folder.assetcatalog; path = Assets.xcassets; sourceTree = "<group>"; };
		ABC7068D28A8F07A003C2961 /* Base */ = {isa = PBXFileReference; lastKnownFileType = file.storyboard; name = Base; path = Base.lproj/LaunchScreen.storyboard; sourceTree = "<group>"; };
		ABC7068F28A8F07A003C2961 /* Info.plist */ = {isa = PBXFileReference; lastKnownFileType = text.plist.xml; path = Info.plist; sourceTree = "<group>"; };
		ABC7069428A8F07A003C2961 /* LuckyTripTests.xctest */ = {isa = PBXFileReference; explicitFileType = wrapper.cfbundle; includeInIndex = 0; path = LuckyTripTests.xctest; sourceTree = BUILT_PRODUCTS_DIR; };
		ABC7069828A8F07A003C2961 /* LuckyTripTests.swift */ = {isa = PBXFileReference; lastKnownFileType = sourcecode.swift; path = LuckyTripTests.swift; sourceTree = "<group>"; };
		ABC7069E28A8F07B003C2961 /* LuckyTripUITests.xctest */ = {isa = PBXFileReference; explicitFileType = wrapper.cfbundle; includeInIndex = 0; path = LuckyTripUITests.xctest; sourceTree = BUILT_PRODUCTS_DIR; };
		ABC706A228A8F07B003C2961 /* LuckyTripUITests.swift */ = {isa = PBXFileReference; lastKnownFileType = sourcecode.swift; path = LuckyTripUITests.swift; sourceTree = "<group>"; };
		ABC706A428A8F07B003C2961 /* LuckyTripUITestsLaunchTests.swift */ = {isa = PBXFileReference; lastKnownFileType = sourcecode.swift; path = LuckyTripUITestsLaunchTests.swift; sourceTree = "<group>"; };
		F9C92189187AD7F976C18CCA /* Pods_LuckyTrip_LuckyTripUITests.framework */ = {isa = PBXFileReference; explicitFileType = wrapper.framework; includeInIndex = 0; path = Pods_LuckyTrip_LuckyTripUITests.framework; sourceTree = BUILT_PRODUCTS_DIR; };
/* End PBXFileReference section */

/* Begin PBXFrameworksBuildPhase section */
		ABC7067828A8F079003C2961 /* Frameworks */ = {
			isa = PBXFrameworksBuildPhase;
			buildActionMask = 2147483647;
			files = (
				E78C4DA838E367E234778DC6 /* Pods_LuckyTrip.framework in Frameworks */,
			);
			runOnlyForDeploymentPostprocessing = 0;
		};
		ABC7069128A8F07A003C2961 /* Frameworks */ = {
			isa = PBXFrameworksBuildPhase;
			buildActionMask = 2147483647;
			files = (
				348BECE673181DB595AC0E57 /* Pods_LuckyTripTests.framework in Frameworks */,
			);
			runOnlyForDeploymentPostprocessing = 0;
		};
		ABC7069B28A8F07B003C2961 /* Frameworks */ = {
			isa = PBXFrameworksBuildPhase;
			buildActionMask = 2147483647;
			files = (
				749FA1EE27AA9BF858572AEE /* Pods_LuckyTrip_LuckyTripUITests.framework in Frameworks */,
			);
			runOnlyForDeploymentPostprocessing = 0;
		};
/* End PBXFrameworksBuildPhase section */

/* Begin PBXGroup section */
		01E25B17B6CFE0BCDFC9DA4C /* Frameworks */ = {
			isa = PBXGroup;
			children = (
				6BA879F04E335F7661A904B3 /* Pods_LuckyTrip.framework */,
				F9C92189187AD7F976C18CCA /* Pods_LuckyTrip_LuckyTripUITests.framework */,
				6824D69A55A64E461528BB50 /* Pods_LuckyTripTests.framework */,
			);
			name = Frameworks;
			sourceTree = "<group>";
		};
		A8D534E683D789C91CA5596C /* Pods */ = {
			isa = PBXGroup;
			children = (
				30670AFA591A0D3AAD0B217E /* Pods-LuckyTrip.debug.xcconfig */,
				8D2BB81B370C1F2EAA7663A2 /* Pods-LuckyTrip.release.xcconfig */,
				89B8A8FE2932DACC4041D4C1 /* Pods-LuckyTrip-LuckyTripUITests.debug.xcconfig */,
				559A55449683DC6A6BD7AC98 /* Pods-LuckyTrip-LuckyTripUITests.release.xcconfig */,
				332E87DD740DB9A1582C78DC /* Pods-LuckyTripTests.debug.xcconfig */,
				6662F37D8577D25BEB13C47C /* Pods-LuckyTripTests.release.xcconfig */,
			);
			path = Pods;
			sourceTree = "<group>";
		};
		AB7EA5EB28AEE9980055119F /* Cells */ = {
			isa = PBXGroup;
			children = (
				AB7EA5ED28AEE9B70055119F /* DestinationCell.swift */,
				AB7EA5EE28AEE9B70055119F /* DestinationCell.xib */,
			);
			name = Cells;
			sourceTree = "<group>";
		};
		AB7EA5EC28AEE9A00055119F /* ViewControllers */ = {
			isa = PBXGroup;
			children = (
				AB7EA5FC28AEEA220055119F /* BaseViewController.swift */,
				AB7EA5FB28AEEA220055119F /* ViewController.swift */,
				AB7EA5F128AEE9C00055119F /* MainPageViewControllers */,
				AB7EA5F828AEE9FE0055119F /* DestinationDetails */,
			);
			name = ViewControllers;
			sourceTree = "<group>";
		};
		AB7EA5F128AEE9C00055119F /* MainPageViewControllers */ = {
			isa = PBXGroup;
			children = (
				AB7EA5F328AEE9E90055119F /* DestinationsForMeViewController.swift */,
				AB7EA5F428AEE9E90055119F /* DestinationsHomeViewController.swift */,
				AB7EA5F228AEE9E90055119F /* TabbarViewController.swift */,
			);
			name = MainPageViewControllers;
			sourceTree = "<group>";
		};
		AB7EA5F828AEE9FE0055119F /* DestinationDetails */ = {
			isa = PBXGroup;
			children = (
				AB7EA5F928AEEA130055119F /* DestinationDetailsViewController.swift */,
			);
			name = DestinationDetails;
			sourceTree = "<group>";
		};
		AB7EA5FF28AEEA290055119F /* Datasource */ = {
			isa = PBXGroup;
			children = (
				AB7EA60028AEEA390055119F /* DestinationsDataSource.swift */,
				AB7EA60128AEEA390055119F /* GenericDataSource.swift */,
				AB7EA60228AEEA390055119F /* SavedDestinationsDataSource.swift */,
			);
			name = Datasource;
			sourceTree = "<group>";
		};
		AB7EA60628AEEA450055119F /* Networking */ = {
			isa = PBXGroup;
			children = (
				AB7EA60828AEEA540055119F /* Apis.swift */,
				AB7EA60728AEEA540055119F /* NetworkManager.swift */,
				AB7EA60928AEEA540055119F /* Reachability.swift */,
			);
			name = Networking;
			sourceTree = "<group>";
		};
		AB7EA60D28AEEA580055119F /* Constants */ = {
			isa = PBXGroup;
			children = (
				AB7EA60E28AEEA680055119F /* Constants.swift */,
				AB7EA61028AEEA680055119F /* ListModeType.swift */,
				AB7EA60F28AEEA680055119F /* ResultType.swift */,
				AB7EA61128AEEA680055119F /* SearchType.swift */,
			);
			name = Constants;
			sourceTree = "<group>";
		};
		AB7EA61628AEEA700055119F /* Models */ = {
			isa = PBXGroup;
			children = (
				AB7EA61828AEEA870055119F /* DestinationListModel.swift */,
				AB7EA61928AEEA870055119F /* DestinationModel.swift */,
				AB7EA61728AEEA870055119F /* ErrorModel.swift */,
			);
			name = Models;
			sourceTree = "<group>";
		};
		AB7EA61D28AEEA8B0055119F /* ViewModels */ = {
			isa = PBXGroup;
			children = (
				AB7EA61F28AEEA9A0055119F /* DestinationViewModel.swift */,
				AB7EA61E28AEEA9A0055119F /* SavedDestinationViewModel.swift */,
			);
			name = ViewModels;
			sourceTree = "<group>";
		};
		AB7EA62228AEEAA00055119F /* Utilities */ = {
			isa = PBXGroup;
			children = (
				AB7EA62428AEEAB10055119F /* DynamicType.swift */,
				AB7EA62328AEEAB10055119F /* Utilities.swift */,
			);
			name = Utilities;
			sourceTree = "<group>";
		};
		AB7EA62728AEEAB50055119F /* Extensions */ = {
			isa = PBXGroup;
			children = (
				AB7EA62828AEEADB0055119F /* UIImageViewEX.swift */,
			);
			name = Extensions;
			sourceTree = "<group>";
		};
		AB7EA62C28AEEB230055119F /* Support Files */ = {
			isa = PBXGroup;
			children = (
				AB7EA63028AEEB400055119F /* Localizable.strings */,
				AB7EA62D28AEEB3B0055119F /* LuckyTrip.xcdatamodeld */,
				ABC7067E28A8F079003C2961 /* AppDelegate.swift */,
				ABC7068028A8F079003C2961 /* SceneDelegate.swift */,
				ABC7068A28A8F07A003C2961 /* Assets.xcassets */,
				ABC7068F28A8F07A003C2961 /* Info.plist */,
			);
			name = "Support Files";
			sourceTree = "<group>";
		};
		ABC7067228A8F079003C2961 = {
			isa = PBXGroup;
			children = (
				ABC7067D28A8F079003C2961 /* LuckyTrip */,
				ABC7069728A8F07A003C2961 /* LuckyTripTests */,
				ABC706A128A8F07B003C2961 /* LuckyTripUITests */,
				ABC7067C28A8F079003C2961 /* Products */,
				A8D534E683D789C91CA5596C /* Pods */,
				01E25B17B6CFE0BCDFC9DA4C /* Frameworks */,
			);
			sourceTree = "<group>";
		};
		ABC7067C28A8F079003C2961 /* Products */ = {
			isa = PBXGroup;
			children = (
				ABC7067B28A8F079003C2961 /* LuckyTrip.app */,
				ABC7069428A8F07A003C2961 /* LuckyTripTests.xctest */,
				ABC7069E28A8F07B003C2961 /* LuckyTripUITests.xctest */,
			);
			name = Products;
			sourceTree = "<group>";
		};
		ABC7067D28A8F079003C2961 /* LuckyTrip */ = {
			isa = PBXGroup;
			children = (
				ABC7076128A97F74003C2961 /* CoreDatabase */,
				AB7EA60D28AEEA580055119F /* Constants */,
				AB7EA60628AEEA450055119F /* Networking */,
				AB7EA62728AEEAB50055119F /* Extensions */,
				AB7EA5FF28AEEA290055119F /* Datasource */,
				AB7EA61628AEEA700055119F /* Models */,
				ABC7072528A8FFD9003C2961 /* Views */,
				AB7EA61D28AEEA8B0055119F /* ViewModels */,
				ABC7072428A8FA54003C2961 /* Storyboards */,
				AB7EA62228AEEAA00055119F /* Utilities */,
				AB7EA62C28AEEB230055119F /* Support Files */,
			);
			path = LuckyTrip;
			sourceTree = "<group>";
		};
		ABC7069728A8F07A003C2961 /* LuckyTripTests */ = {
			isa = PBXGroup;
			children = (
				ABC7069828A8F07A003C2961 /* LuckyTripTests.swift */,
			);
			path = LuckyTripTests;
			sourceTree = "<group>";
		};
		ABC706A128A8F07B003C2961 /* LuckyTripUITests */ = {
			isa = PBXGroup;
			children = (
				ABC706A228A8F07B003C2961 /* LuckyTripUITests.swift */,
				ABC706A428A8F07B003C2961 /* LuckyTripUITestsLaunchTests.swift */,
			);
			path = LuckyTripUITests;
			sourceTree = "<group>";
		};
		ABC7072428A8FA54003C2961 /* Storyboards */ = {
			isa = PBXGroup;
			children = (
				ABC7068428A8F079003C2961 /* Main.storyboard */,
				ABC7068C28A8F07A003C2961 /* LaunchScreen.storyboard */,
			);
			name = Storyboards;
			sourceTree = "<group>";
		};
		ABC7072528A8FFD9003C2961 /* Views */ = {
			isa = PBXGroup;
			children = (
				AB7EA5EB28AEE9980055119F /* Cells */,
				AB7EA5EC28AEE9A00055119F /* ViewControllers */,
			);
			name = Views;
			sourceTree = "<group>";
		};
		ABC7076128A97F74003C2961 /* CoreDatabase */ = {
			isa = PBXGroup;
			children = (
				AB7EA62A28AEEB1D0055119F /* CoreDataModel.swift */,
			);
			name = CoreDatabase;
			sourceTree = "<group>";
		};
/* End PBXGroup section */

/* Begin PBXNativeTarget section */
		ABC7067A28A8F079003C2961 /* LuckyTrip */ = {
			isa = PBXNativeTarget;
			buildConfigurationList = ABC706A828A8F07B003C2961 /* Build configuration list for PBXNativeTarget "LuckyTrip" */;
			buildPhases = (
				873E3F5330CA99304F42592F /* [CP] Check Pods Manifest.lock */,
				ABC7067728A8F079003C2961 /* Sources */,
				ABC7067828A8F079003C2961 /* Frameworks */,
				ABC7067928A8F079003C2961 /* Resources */,
				363E04959764467D12AF37F0 /* [CP] Embed Pods Frameworks */,
			);
			buildRules = (
			);
			dependencies = (
			);
			name = LuckyTrip;
			productName = LuckyTrip;
			productReference = ABC7067B28A8F079003C2961 /* LuckyTrip.app */;
			productType = "com.apple.product-type.application";
		};
		ABC7069328A8F07A003C2961 /* LuckyTripTests */ = {
			isa = PBXNativeTarget;
			buildConfigurationList = ABC706AB28A8F07B003C2961 /* Build configuration list for PBXNativeTarget "LuckyTripTests" */;
			buildPhases = (
				079A1C8FCAA0DBD30AE9491C /* [CP] Check Pods Manifest.lock */,
				ABC7069028A8F07A003C2961 /* Sources */,
				ABC7069128A8F07A003C2961 /* Frameworks */,
				ABC7069228A8F07A003C2961 /* Resources */,
			);
			buildRules = (
			);
			dependencies = (
				ABC7069628A8F07A003C2961 /* PBXTargetDependency */,
			);
			name = LuckyTripTests;
			productName = LuckyTripTests;
			productReference = ABC7069428A8F07A003C2961 /* LuckyTripTests.xctest */;
			productType = "com.apple.product-type.bundle.unit-test";
		};
		ABC7069D28A8F07B003C2961 /* LuckyTripUITests */ = {
			isa = PBXNativeTarget;
			buildConfigurationList = ABC706AE28A8F07B003C2961 /* Build configuration list for PBXNativeTarget "LuckyTripUITests" */;
			buildPhases = (
				2EE9E5AA25EAA5E0BCF0DA89 /* [CP] Check Pods Manifest.lock */,
				ABC7069A28A8F07B003C2961 /* Sources */,
				ABC7069B28A8F07B003C2961 /* Frameworks */,
				ABC7069C28A8F07B003C2961 /* Resources */,
				7C5473A5033B5032E71EA8D3 /* [CP] Embed Pods Frameworks */,
			);
			buildRules = (
			);
			dependencies = (
				ABC706A028A8F07B003C2961 /* PBXTargetDependency */,
			);
			name = LuckyTripUITests;
			productName = LuckyTripUITests;
			productReference = ABC7069E28A8F07B003C2961 /* LuckyTripUITests.xctest */;
			productType = "com.apple.product-type.bundle.ui-testing";
		};
/* End PBXNativeTarget section */

/* Begin PBXProject section */
		ABC7067328A8F079003C2961 /* Project object */ = {
			isa = PBXProject;
			attributes = {
				BuildIndependentTargetsInParallel = 1;
				LastSwiftUpdateCheck = 1340;
				LastUpgradeCheck = 1340;
				TargetAttributes = {
					ABC7067A28A8F079003C2961 = {
						CreatedOnToolsVersion = 13.4.1;
					};
					ABC7069328A8F07A003C2961 = {
						CreatedOnToolsVersion = 13.4.1;
						TestTargetID = ABC7067A28A8F079003C2961;
					};
					ABC7069D28A8F07B003C2961 = {
						CreatedOnToolsVersion = 13.4.1;
						TestTargetID = ABC7067A28A8F079003C2961;
					};
				};
			};
			buildConfigurationList = ABC7067628A8F079003C2961 /* Build configuration list for PBXProject "LuckyTrip" */;
			compatibilityVersion = "Xcode 13.0";
			developmentRegion = en;
			hasScannedForEncodings = 0;
			knownRegions = (
				en,
				Base,
			);
			mainGroup = ABC7067228A8F079003C2961;
			productRefGroup = ABC7067C28A8F079003C2961 /* Products */;
			projectDirPath = "";
			projectRoot = "";
			targets = (
				ABC7067A28A8F079003C2961 /* LuckyTrip */,
				ABC7069328A8F07A003C2961 /* LuckyTripTests */,
				ABC7069D28A8F07B003C2961 /* LuckyTripUITests */,
			);
		};
/* End PBXProject section */

/* Begin PBXResourcesBuildPhase section */
		ABC7067928A8F079003C2961 /* Resources */ = {
			isa = PBXResourcesBuildPhase;
			buildActionMask = 2147483647;
			files = (
				AB7EA63128AEEB400055119F /* Localizable.strings in Resources */,
				ABC7068E28A8F07A003C2961 /* LaunchScreen.storyboard in Resources */,
				ABC7068B28A8F07A003C2961 /* Assets.xcassets in Resources */,
				AB7EA5F028AEE9B70055119F /* DestinationCell.xib in Resources */,
				ABC7068628A8F079003C2961 /* Main.storyboard in Resources */,
			);
			runOnlyForDeploymentPostprocessing = 0;
		};
		ABC7069228A8F07A003C2961 /* Resources */ = {
			isa = PBXResourcesBuildPhase;
			buildActionMask = 2147483647;
			files = (
			);
			runOnlyForDeploymentPostprocessing = 0;
		};
		ABC7069C28A8F07B003C2961 /* Resources */ = {
			isa = PBXResourcesBuildPhase;
			buildActionMask = 2147483647;
			files = (
			);
			runOnlyForDeploymentPostprocessing = 0;
		};
/* End PBXResourcesBuildPhase section */

/* Begin PBXShellScriptBuildPhase section */
		079A1C8FCAA0DBD30AE9491C /* [CP] Check Pods Manifest.lock */ = {
			isa = PBXShellScriptBuildPhase;
			buildActionMask = 2147483647;
			files = (
			);
			inputFileListPaths = (
			);
			inputPaths = (
				"${PODS_PODFILE_DIR_PATH}/Podfile.lock",
				"${PODS_ROOT}/Manifest.lock",
			);
			name = "[CP] Check Pods Manifest.lock";
			outputFileListPaths = (
			);
			outputPaths = (
				"$(DERIVED_FILE_DIR)/Pods-LuckyTripTests-checkManifestLockResult.txt",
			);
			runOnlyForDeploymentPostprocessing = 0;
			shellPath = /bin/sh;
			shellScript = "diff \"${PODS_PODFILE_DIR_PATH}/Podfile.lock\" \"${PODS_ROOT}/Manifest.lock\" > /dev/null\nif [ $? != 0 ] ; then\n    # print error to STDERR\n    echo \"error: The sandbox is not in sync with the Podfile.lock. Run 'pod install' or update your CocoaPods installation.\" >&2\n    exit 1\nfi\n# This output is used by Xcode 'outputs' to avoid re-running this script phase.\necho \"SUCCESS\" > \"${SCRIPT_OUTPUT_FILE_0}\"\n";
			showEnvVarsInLog = 0;
		};
		2EE9E5AA25EAA5E0BCF0DA89 /* [CP] Check Pods Manifest.lock */ = {
			isa = PBXShellScriptBuildPhase;
			buildActionMask = 2147483647;
			files = (
			);
			inputFileListPaths = (
			);
			inputPaths = (
				"${PODS_PODFILE_DIR_PATH}/Podfile.lock",
				"${PODS_ROOT}/Manifest.lock",
			);
			name = "[CP] Check Pods Manifest.lock";
			outputFileListPaths = (
			);
			outputPaths = (
				"$(DERIVED_FILE_DIR)/Pods-LuckyTrip-LuckyTripUITests-checkManifestLockResult.txt",
			);
			runOnlyForDeploymentPostprocessing = 0;
			shellPath = /bin/sh;
			shellScript = "diff \"${PODS_PODFILE_DIR_PATH}/Podfile.lock\" \"${PODS_ROOT}/Manifest.lock\" > /dev/null\nif [ $? != 0 ] ; then\n    # print error to STDERR\n    echo \"error: The sandbox is not in sync with the Podfile.lock. Run 'pod install' or update your CocoaPods installation.\" >&2\n    exit 1\nfi\n# This output is used by Xcode 'outputs' to avoid re-running this script phase.\necho \"SUCCESS\" > \"${SCRIPT_OUTPUT_FILE_0}\"\n";
			showEnvVarsInLog = 0;
		};
		363E04959764467D12AF37F0 /* [CP] Embed Pods Frameworks */ = {
			isa = PBXShellScriptBuildPhase;
			buildActionMask = 2147483647;
			files = (
			);
			inputFileListPaths = (
				"${PODS_ROOT}/Target Support Files/Pods-LuckyTrip/Pods-LuckyTrip-frameworks-${CONFIGURATION}-input-files.xcfilelist",
			);
			name = "[CP] Embed Pods Frameworks";
			outputFileListPaths = (
				"${PODS_ROOT}/Target Support Files/Pods-LuckyTrip/Pods-LuckyTrip-frameworks-${CONFIGURATION}-output-files.xcfilelist",
			);
			runOnlyForDeploymentPostprocessing = 0;
			shellPath = /bin/sh;
			shellScript = "\"${PODS_ROOT}/Target Support Files/Pods-LuckyTrip/Pods-LuckyTrip-frameworks.sh\"\n";
			showEnvVarsInLog = 0;
		};
		7C5473A5033B5032E71EA8D3 /* [CP] Embed Pods Frameworks */ = {
			isa = PBXShellScriptBuildPhase;
			buildActionMask = 2147483647;
			files = (
			);
			inputFileListPaths = (
				"${PODS_ROOT}/Target Support Files/Pods-LuckyTrip-LuckyTripUITests/Pods-LuckyTrip-LuckyTripUITests-frameworks-${CONFIGURATION}-input-files.xcfilelist",
			);
			name = "[CP] Embed Pods Frameworks";
			outputFileListPaths = (
				"${PODS_ROOT}/Target Support Files/Pods-LuckyTrip-LuckyTripUITests/Pods-LuckyTrip-LuckyTripUITests-frameworks-${CONFIGURATION}-output-files.xcfilelist",
			);
			runOnlyForDeploymentPostprocessing = 0;
			shellPath = /bin/sh;
			shellScript = "\"${PODS_ROOT}/Target Support Files/Pods-LuckyTrip-LuckyTripUITests/Pods-LuckyTrip-LuckyTripUITests-frameworks.sh\"\n";
			showEnvVarsInLog = 0;
		};
		873E3F5330CA99304F42592F /* [CP] Check Pods Manifest.lock */ = {
			isa = PBXShellScriptBuildPhase;
			buildActionMask = 2147483647;
			files = (
			);
			inputFileListPaths = (
			);
			inputPaths = (
				"${PODS_PODFILE_DIR_PATH}/Podfile.lock",
				"${PODS_ROOT}/Manifest.lock",
			);
			name = "[CP] Check Pods Manifest.lock";
			outputFileListPaths = (
			);
			outputPaths = (
				"$(DERIVED_FILE_DIR)/Pods-LuckyTrip-checkManifestLockResult.txt",
			);
			runOnlyForDeploymentPostprocessing = 0;
			shellPath = /bin/sh;
			shellScript = "diff \"${PODS_PODFILE_DIR_PATH}/Podfile.lock\" \"${PODS_ROOT}/Manifest.lock\" > /dev/null\nif [ $? != 0 ] ; then\n    # print error to STDERR\n    echo \"error: The sandbox is not in sync with the Podfile.lock. Run 'pod install' or update your CocoaPods installation.\" >&2\n    exit 1\nfi\n# This output is used by Xcode 'outputs' to avoid re-running this script phase.\necho \"SUCCESS\" > \"${SCRIPT_OUTPUT_FILE_0}\"\n";
			showEnvVarsInLog = 0;
		};
/* End PBXShellScriptBuildPhase section */

/* Begin PBXSourcesBuildPhase section */
		ABC7067728A8F079003C2961 /* Sources */ = {
			isa = PBXSourcesBuildPhase;
			buildActionMask = 2147483647;
			files = (
				AB7EA5FE28AEEA220055119F /* BaseViewController.swift in Sources */,
				AB7EA62928AEEADB0055119F /* UIImageViewEX.swift in Sources */,
				AB7EA60328AEEA390055119F /* DestinationsDataSource.swift in Sources */,
				AB7EA60C28AEEA540055119F /* Reachability.swift in Sources */,
				AB7EA5F728AEE9E90055119F /* DestinationsHomeViewController.swift in Sources */,
				AB7EA61A28AEEA870055119F /* ErrorModel.swift in Sources */,
				AB7EA60428AEEA390055119F /* GenericDataSource.swift in Sources */,
				AB7EA62F28AEEB3B0055119F /* LuckyTrip.xcdatamodeld in Sources */,
				AB7EA61328AEEA680055119F /* ResultType.swift in Sources */,
				AB7EA62028AEEA9A0055119F /* SavedDestinationViewModel.swift in Sources */,
				AB7EA60B28AEEA540055119F /* Apis.swift in Sources */,
				AB7EA5FA28AEEA130055119F /* DestinationDetailsViewController.swift in Sources */,
				AB7EA5F628AEE9E90055119F /* DestinationsForMeViewController.swift in Sources */,
				AB7EA62528AEEAB10055119F /* Utilities.swift in Sources */,
				AB7EA5FD28AEEA220055119F /* ViewController.swift in Sources */,
				AB7EA60A28AEEA540055119F /* NetworkManager.swift in Sources */,
				AB7EA61B28AEEA870055119F /* DestinationListModel.swift in Sources */,
				AB7EA62B28AEEB1D0055119F /* CoreDataModel.swift in Sources */,
				ABC7067F28A8F079003C2961 /* AppDelegate.swift in Sources */,
				AB7EA62128AEEA9A0055119F /* DestinationViewModel.swift in Sources */,
				AB7EA61C28AEEA870055119F /* DestinationModel.swift in Sources */,
				AB7EA61228AEEA680055119F /* Constants.swift in Sources */,
				ABC7068128A8F079003C2961 /* SceneDelegate.swift in Sources */,
				AB7EA61428AEEA680055119F /* ListModeType.swift in Sources */,
				AB7EA60528AEEA390055119F /* SavedDestinationsDataSource.swift in Sources */,
				AB7EA61528AEEA680055119F /* SearchType.swift in Sources */,
				AB7EA62628AEEAB10055119F /* DynamicType.swift in Sources */,
				AB7EA5F528AEE9E90055119F /* TabbarViewController.swift in Sources */,
				AB7EA5EF28AEE9B70055119F /* DestinationCell.swift in Sources */,
			);
			runOnlyForDeploymentPostprocessing = 0;
		};
		ABC7069028A8F07A003C2961 /* Sources */ = {
			isa = PBXSourcesBuildPhase;
			buildActionMask = 2147483647;
			files = (
				ABC7069928A8F07A003C2961 /* LuckyTripTests.swift in Sources */,
			);
			runOnlyForDeploymentPostprocessing = 0;
		};
		ABC7069A28A8F07B003C2961 /* Sources */ = {
			isa = PBXSourcesBuildPhase;
			buildActionMask = 2147483647;
			files = (
				ABC706A528A8F07B003C2961 /* LuckyTripUITestsLaunchTests.swift in Sources */,
				ABC706A328A8F07B003C2961 /* LuckyTripUITests.swift in Sources */,
			);
			runOnlyForDeploymentPostprocessing = 0;
		};
/* End PBXSourcesBuildPhase section */

/* Begin PBXTargetDependency section */
		ABC7069628A8F07A003C2961 /* PBXTargetDependency */ = {
			isa = PBXTargetDependency;
			target = ABC7067A28A8F079003C2961 /* LuckyTrip */;
			targetProxy = ABC7069528A8F07A003C2961 /* PBXContainerItemProxy */;
		};
		ABC706A028A8F07B003C2961 /* PBXTargetDependency */ = {
			isa = PBXTargetDependency;
			target = ABC7067A28A8F079003C2961 /* LuckyTrip */;
			targetProxy = ABC7069F28A8F07B003C2961 /* PBXContainerItemProxy */;
		};
/* End PBXTargetDependency section */

/* Begin PBXVariantGroup section */
		ABC7068428A8F079003C2961 /* Main.storyboard */ = {
			isa = PBXVariantGroup;
			children = (
				ABC7068528A8F079003C2961 /* Base */,
			);
			name = Main.storyboard;
			sourceTree = "<group>";
		};
		ABC7068C28A8F07A003C2961 /* LaunchScreen.storyboard */ = {
			isa = PBXVariantGroup;
			children = (
				ABC7068D28A8F07A003C2961 /* Base */,
			);
			name = LaunchScreen.storyboard;
			sourceTree = "<group>";
		};
/* End PBXVariantGroup section */

/* Begin XCBuildConfiguration section */
		ABC706A628A8F07B003C2961 /* Debug */ = {
			isa = XCBuildConfiguration;
			buildSettings = {
				ALWAYS_SEARCH_USER_PATHS = NO;
				CLANG_ANALYZER_NONNULL = YES;
				CLANG_ANALYZER_NUMBER_OBJECT_CONVERSION = YES_AGGRESSIVE;
				CLANG_CXX_LANGUAGE_STANDARD = "gnu++17";
				CLANG_ENABLE_MODULES = YES;
				CLANG_ENABLE_OBJC_ARC = YES;
				CLANG_ENABLE_OBJC_WEAK = YES;
				CLANG_WARN_BLOCK_CAPTURE_AUTORELEASING = YES;
				CLANG_WARN_BOOL_CONVERSION = YES;
				CLANG_WARN_COMMA = YES;
				CLANG_WARN_CONSTANT_CONVERSION = YES;
				CLANG_WARN_DEPRECATED_OBJC_IMPLEMENTATIONS = YES;
				CLANG_WARN_DIRECT_OBJC_ISA_USAGE = YES_ERROR;
				CLANG_WARN_DOCUMENTATION_COMMENTS = YES;
				CLANG_WARN_EMPTY_BODY = YES;
				CLANG_WARN_ENUM_CONVERSION = YES;
				CLANG_WARN_INFINITE_RECURSION = YES;
				CLANG_WARN_INT_CONVERSION = YES;
				CLANG_WARN_NON_LITERAL_NULL_CONVERSION = YES;
				CLANG_WARN_OBJC_IMPLICIT_RETAIN_SELF = YES;
				CLANG_WARN_OBJC_LITERAL_CONVERSION = YES;
				CLANG_WARN_OBJC_ROOT_CLASS = YES_ERROR;
				CLANG_WARN_QUOTED_INCLUDE_IN_FRAMEWORK_HEADER = YES;
				CLANG_WARN_RANGE_LOOP_ANALYSIS = YES;
				CLANG_WARN_STRICT_PROTOTYPES = YES;
				CLANG_WARN_SUSPICIOUS_MOVE = YES;
				CLANG_WARN_UNGUARDED_AVAILABILITY = YES_AGGRESSIVE;
				CLANG_WARN_UNREACHABLE_CODE = YES;
				CLANG_WARN__DUPLICATE_METHOD_MATCH = YES;
				COPY_PHASE_STRIP = NO;
				DEBUG_INFORMATION_FORMAT = dwarf;
				ENABLE_STRICT_OBJC_MSGSEND = YES;
				ENABLE_TESTABILITY = YES;
				GCC_C_LANGUAGE_STANDARD = gnu11;
				GCC_DYNAMIC_NO_PIC = NO;
				GCC_NO_COMMON_BLOCKS = YES;
				GCC_OPTIMIZATION_LEVEL = 0;
				GCC_PREPROCESSOR_DEFINITIONS = (
					"DEBUG=1",
					"$(inherited)",
				);
				GCC_WARN_64_TO_32_BIT_CONVERSION = YES;
				GCC_WARN_ABOUT_RETURN_TYPE = YES_ERROR;
				GCC_WARN_UNDECLARED_SELECTOR = YES;
				GCC_WARN_UNINITIALIZED_AUTOS = YES_AGGRESSIVE;
				GCC_WARN_UNUSED_FUNCTION = YES;
				GCC_WARN_UNUSED_VARIABLE = YES;
				IPHONEOS_DEPLOYMENT_TARGET = 14.4;
				MTL_ENABLE_DEBUG_INFO = INCLUDE_SOURCE;
				MTL_FAST_MATH = YES;
				ONLY_ACTIVE_ARCH = YES;
				SDKROOT = iphoneos;
				SWIFT_ACTIVE_COMPILATION_CONDITIONS = DEBUG;
				SWIFT_OPTIMIZATION_LEVEL = "-Onone";
			};
			name = Debug;
		};
		ABC706A728A8F07B003C2961 /* Release */ = {
			isa = XCBuildConfiguration;
			buildSettings = {
				ALWAYS_SEARCH_USER_PATHS = NO;
				CLANG_ANALYZER_NONNULL = YES;
				CLANG_ANALYZER_NUMBER_OBJECT_CONVERSION = YES_AGGRESSIVE;
				CLANG_CXX_LANGUAGE_STANDARD = "gnu++17";
				CLANG_ENABLE_MODULES = YES;
				CLANG_ENABLE_OBJC_ARC = YES;
				CLANG_ENABLE_OBJC_WEAK = YES;
				CLANG_WARN_BLOCK_CAPTURE_AUTORELEASING = YES;
				CLANG_WARN_BOOL_CONVERSION = YES;
				CLANG_WARN_COMMA = YES;
				CLANG_WARN_CONSTANT_CONVERSION = YES;
				CLANG_WARN_DEPRECATED_OBJC_IMPLEMENTATIONS = YES;
				CLANG_WARN_DIRECT_OBJC_ISA_USAGE = YES_ERROR;
				CLANG_WARN_DOCUMENTATION_COMMENTS = YES;
				CLANG_WARN_EMPTY_BODY = YES;
				CLANG_WARN_ENUM_CONVERSION = YES;
				CLANG_WARN_INFINITE_RECURSION = YES;
				CLANG_WARN_INT_CONVERSION = YES;
				CLANG_WARN_NON_LITERAL_NULL_CONVERSION = YES;
				CLANG_WARN_OBJC_IMPLICIT_RETAIN_SELF = YES;
				CLANG_WARN_OBJC_LITERAL_CONVERSION = YES;
				CLANG_WARN_OBJC_ROOT_CLASS = YES_ERROR;
				CLANG_WARN_QUOTED_INCLUDE_IN_FRAMEWORK_HEADER = YES;
				CLANG_WARN_RANGE_LOOP_ANALYSIS = YES;
				CLANG_WARN_STRICT_PROTOTYPES = YES;
				CLANG_WARN_SUSPICIOUS_MOVE = YES;
				CLANG_WARN_UNGUARDED_AVAILABILITY = YES_AGGRESSIVE;
				CLANG_WARN_UNREACHABLE_CODE = YES;
				CLANG_WARN__DUPLICATE_METHOD_MATCH = YES;
				COPY_PHASE_STRIP = NO;
				DEBUG_INFORMATION_FORMAT = "dwarf-with-dsym";
				ENABLE_NS_ASSERTIONS = NO;
				ENABLE_STRICT_OBJC_MSGSEND = YES;
				GCC_C_LANGUAGE_STANDARD = gnu11;
				GCC_NO_COMMON_BLOCKS = YES;
				GCC_WARN_64_TO_32_BIT_CONVERSION = YES;
				GCC_WARN_ABOUT_RETURN_TYPE = YES_ERROR;
				GCC_WARN_UNDECLARED_SELECTOR = YES;
				GCC_WARN_UNINITIALIZED_AUTOS = YES_AGGRESSIVE;
				GCC_WARN_UNUSED_FUNCTION = YES;
				GCC_WARN_UNUSED_VARIABLE = YES;
				IPHONEOS_DEPLOYMENT_TARGET = 14.4;
				MTL_ENABLE_DEBUG_INFO = NO;
				MTL_FAST_MATH = YES;
				SDKROOT = iphoneos;
				SWIFT_COMPILATION_MODE = wholemodule;
				SWIFT_OPTIMIZATION_LEVEL = "-O";
				VALIDATE_PRODUCT = YES;
			};
			name = Release;
		};
		ABC706A928A8F07B003C2961 /* Debug */ = {
			isa = XCBuildConfiguration;
			baseConfigurationReference = 30670AFA591A0D3AAD0B217E /* Pods-LuckyTrip.debug.xcconfig */;
			buildSettings = {
				ASSETCATALOG_COMPILER_APPICON_NAME = AppIcon;
				ASSETCATALOG_COMPILER_GLOBAL_ACCENT_COLOR_NAME = AccentColor;
				CODE_SIGN_STYLE = Automatic;
				CURRENT_PROJECT_VERSION = 1;
				DEVELOPMENT_TEAM = CF7BW97Y7V;
				GENERATE_INFOPLIST_FILE = YES;
				INFOPLIST_FILE = LuckyTrip/Info.plist;
				INFOPLIST_KEY_UIApplicationSupportsIndirectInputEvents = YES;
				INFOPLIST_KEY_UILaunchStoryboardName = LaunchScreen;
				INFOPLIST_KEY_UIMainStoryboardFile = Main;
				INFOPLIST_KEY_UISupportedInterfaceOrientations = UIInterfaceOrientationPortrait;
				INFOPLIST_KEY_UISupportedInterfaceOrientations_iPad = "UIInterfaceOrientationPortrait UIInterfaceOrientationPortraitUpsideDown UIInterfaceOrientationLandscapeLeft UIInterfaceOrientationLandscapeRight";
				INFOPLIST_KEY_UISupportedInterfaceOrientations_iPhone = "UIInterfaceOrientationPortrait UIInterfaceOrientationLandscapeLeft UIInterfaceOrientationLandscapeRight";
				LD_RUNPATH_SEARCH_PATHS = (
					"$(inherited)",
					"@executable_path/Frameworks",
				);
				MARKETING_VERSION = 1.0;
				PRODUCT_BUNDLE_IDENTIFIER = com.app.LuckyTrip;
				PRODUCT_NAME = "$(TARGET_NAME)";
				SWIFT_EMIT_LOC_STRINGS = YES;
				SWIFT_VERSION = 5.0;
				TARGETED_DEVICE_FAMILY = "1,2";
			};
			name = Debug;
		};
		ABC706AA28A8F07B003C2961 /* Release */ = {
			isa = XCBuildConfiguration;
			baseConfigurationReference = 8D2BB81B370C1F2EAA7663A2 /* Pods-LuckyTrip.release.xcconfig */;
			buildSettings = {
				ASSETCATALOG_COMPILER_APPICON_NAME = AppIcon;
				ASSETCATALOG_COMPILER_GLOBAL_ACCENT_COLOR_NAME = AccentColor;
				CODE_SIGN_STYLE = Automatic;
				CURRENT_PROJECT_VERSION = 1;
				DEVELOPMENT_TEAM = CF7BW97Y7V;
				GENERATE_INFOPLIST_FILE = YES;
				INFOPLIST_FILE = LuckyTrip/Info.plist;
				INFOPLIST_KEY_UIApplicationSupportsIndirectInputEvents = YES;
				INFOPLIST_KEY_UILaunchStoryboardName = LaunchScreen;
				INFOPLIST_KEY_UIMainStoryboardFile = Main;
				INFOPLIST_KEY_UISupportedInterfaceOrientations = UIInterfaceOrientationPortrait;
				INFOPLIST_KEY_UISupportedInterfaceOrientations_iPad = "UIInterfaceOrientationPortrait UIInterfaceOrientationPortraitUpsideDown UIInterfaceOrientationLandscapeLeft UIInterfaceOrientationLandscapeRight";
				INFOPLIST_KEY_UISupportedInterfaceOrientations_iPhone = "UIInterfaceOrientationPortrait UIInterfaceOrientationLandscapeLeft UIInterfaceOrientationLandscapeRight";
				LD_RUNPATH_SEARCH_PATHS = (
					"$(inherited)",
					"@executable_path/Frameworks",
				);
				MARKETING_VERSION = 1.0;
				PRODUCT_BUNDLE_IDENTIFIER = com.app.LuckyTrip;
				PRODUCT_NAME = "$(TARGET_NAME)";
				SWIFT_EMIT_LOC_STRINGS = YES;
				SWIFT_VERSION = 5.0;
				TARGETED_DEVICE_FAMILY = "1,2";
			};
			name = Release;
		};
		ABC706AC28A8F07B003C2961 /* Debug */ = {
			isa = XCBuildConfiguration;
			baseConfigurationReference = 332E87DD740DB9A1582C78DC /* Pods-LuckyTripTests.debug.xcconfig */;
			buildSettings = {
				ALWAYS_EMBED_SWIFT_STANDARD_LIBRARIES = YES;
				BUNDLE_LOADER = "$(TEST_HOST)";
				CODE_SIGN_STYLE = Automatic;
				CURRENT_PROJECT_VERSION = 1;
				GENERATE_INFOPLIST_FILE = YES;
				IPHONEOS_DEPLOYMENT_TARGET = 15.5;
				MARKETING_VERSION = 1.0;
				PRODUCT_BUNDLE_IDENTIFIER = com.LuckyTrip.app.LuckyTripTests;
				PRODUCT_NAME = "$(TARGET_NAME)";
				SWIFT_EMIT_LOC_STRINGS = NO;
				SWIFT_VERSION = 5.0;
				TARGETED_DEVICE_FAMILY = "1,2";
				TEST_HOST = "$(BUILT_PRODUCTS_DIR)/LuckyTrip.app/LuckyTrip";
			};
			name = Debug;
		};
		ABC706AD28A8F07B003C2961 /* Release */ = {
			isa = XCBuildConfiguration;
			baseConfigurationReference = 6662F37D8577D25BEB13C47C /* Pods-LuckyTripTests.release.xcconfig */;
			buildSettings = {
				ALWAYS_EMBED_SWIFT_STANDARD_LIBRARIES = YES;
				BUNDLE_LOADER = "$(TEST_HOST)";
				CODE_SIGN_STYLE = Automatic;
				CURRENT_PROJECT_VERSION = 1;
				GENERATE_INFOPLIST_FILE = YES;
				IPHONEOS_DEPLOYMENT_TARGET = 15.5;
				MARKETING_VERSION = 1.0;
				PRODUCT_BUNDLE_IDENTIFIER = com.LuckyTrip.app.LuckyTripTests;
				PRODUCT_NAME = "$(TARGET_NAME)";
				SWIFT_EMIT_LOC_STRINGS = NO;
				SWIFT_VERSION = 5.0;
				TARGETED_DEVICE_FAMILY = "1,2";
				TEST_HOST = "$(BUILT_PRODUCTS_DIR)/LuckyTrip.app/LuckyTrip";
			};
			name = Release;
		};
		ABC706AF28A8F07B003C2961 /* Debug */ = {
			isa = XCBuildConfiguration;
			baseConfigurationReference = 89B8A8FE2932DACC4041D4C1 /* Pods-LuckyTrip-LuckyTripUITests.debug.xcconfig */;
			buildSettings = {
				ALWAYS_EMBED_SWIFT_STANDARD_LIBRARIES = YES;
				CODE_SIGN_STYLE = Automatic;
				CURRENT_PROJECT_VERSION = 1;
				GENERATE_INFOPLIST_FILE = YES;
				MARKETING_VERSION = 1.0;
				PRODUCT_BUNDLE_IDENTIFIER = com.LuckyTrip.app.LuckyTripUITests;
				PRODUCT_NAME = "$(TARGET_NAME)";
				SWIFT_EMIT_LOC_STRINGS = NO;
				SWIFT_VERSION = 5.0;
				TARGETED_DEVICE_FAMILY = "1,2";
				TEST_TARGET_NAME = LuckyTrip;
			};
			name = Debug;
		};
		ABC706B028A8F07B003C2961 /* Release */ = {
			isa = XCBuildConfiguration;
			baseConfigurationReference = 559A55449683DC6A6BD7AC98 /* Pods-LuckyTrip-LuckyTripUITests.release.xcconfig */;
			buildSettings = {
				ALWAYS_EMBED_SWIFT_STANDARD_LIBRARIES = YES;
				CODE_SIGN_STYLE = Automatic;
				CURRENT_PROJECT_VERSION = 1;
				GENERATE_INFOPLIST_FILE = YES;
				MARKETING_VERSION = 1.0;
				PRODUCT_BUNDLE_IDENTIFIER = com.LuckyTrip.app.LuckyTripUITests;
				PRODUCT_NAME = "$(TARGET_NAME)";
				SWIFT_EMIT_LOC_STRINGS = NO;
				SWIFT_VERSION = 5.0;
				TARGETED_DEVICE_FAMILY = "1,2";
				TEST_TARGET_NAME = LuckyTrip;
			};
			name = Release;
		};
/* End XCBuildConfiguration section */

/* Begin XCConfigurationList section */
		ABC7067628A8F079003C2961 /* Build configuration list for PBXProject "LuckyTrip" */ = {
			isa = XCConfigurationList;
			buildConfigurations = (
				ABC706A628A8F07B003C2961 /* Debug */,
				ABC706A728A8F07B003C2961 /* Release */,
			);
			defaultConfigurationIsVisible = 0;
			defaultConfigurationName = Release;
		};
		ABC706A828A8F07B003C2961 /* Build configuration list for PBXNativeTarget "LuckyTrip" */ = {
			isa = XCConfigurationList;
			buildConfigurations = (
				ABC706A928A8F07B003C2961 /* Debug */,
				ABC706AA28A8F07B003C2961 /* Release */,
			);
			defaultConfigurationIsVisible = 0;
			defaultConfigurationName = Release;
		};
		ABC706AB28A8F07B003C2961 /* Build configuration list for PBXNativeTarget "LuckyTripTests" */ = {
			isa = XCConfigurationList;
			buildConfigurations = (
				ABC706AC28A8F07B003C2961 /* Debug */,
				ABC706AD28A8F07B003C2961 /* Release */,
			);
			defaultConfigurationIsVisible = 0;
			defaultConfigurationName = Release;
		};
		ABC706AE28A8F07B003C2961 /* Build configuration list for PBXNativeTarget "LuckyTripUITests" */ = {
			isa = XCConfigurationList;
			buildConfigurations = (
				ABC706AF28A8F07B003C2961 /* Debug */,
				ABC706B028A8F07B003C2961 /* Release */,
			);
			defaultConfigurationIsVisible = 0;
			defaultConfigurationName = Release;
		};
/* End XCConfigurationList section */

/* Begin XCVersionGroup section */
		AB7EA62D28AEEB3B0055119F /* LuckyTrip.xcdatamodeld */ = {
			isa = XCVersionGroup;
			children = (
				AB7EA62E28AEEB3B0055119F /* LuckyTrip.xcdatamodel */,
			);
			currentVersion = AB7EA62E28AEEB3B0055119F /* LuckyTrip.xcdatamodel */;
			path = LuckyTrip.xcdatamodeld;
			sourceTree = "<group>";
			versionGroupType = wrapper.xcdatamodel;
		};
/* End XCVersionGroup section */
	};
	rootObject = ABC7067328A8F079003C2961 /* Project object */;
}
